
Microsoft Visual Studio Solution File, Format Version 12.00
# Visual Studio Version 17
VisualStudioVersion = 17.14.36414.22
MinimumVisualStudioVersion = 10.0.40219.1
Project("{2150E333-8FDC-42A3-9474-1A3956D46DE8}") = "Task0", "Task0", "{02EA681E-C7D8-13C7-8484-4AC65E1B71E8}"
EndProject
Project("{FAE04EC0-301F-11D3-BF4B-00C04F79EFBC}") = "Tyuiu.NasadukJA.Sprint5.Task0.V21.Lib", "Tyuiu.NasadukJA.Sprint5.Task0.V21.Lib\Tyuiu.NasadukJA.Sprint5.Task0.V21.Lib.csproj", "{00773930-18B5-4778-9637-0E01E4D194FA}"
EndProject
Project("{FAE04EC0-301F-11D3-BF4B-00C04F79EFBC}") = "Tyuiu.NasadukJA.Sprint5.Task0.V21.Test", "Tyuiu.NasadukJA.Sprint5.Task0.V21.Test\Tyuiu.NasadukJA.Sprint5.Task0.V21.Test.csproj", "{7186DEAE-405D-4690-85D5-3E48C5CFBAD3}"
EndProject
Project("{FAE04EC0-301F-11D3-BF4B-00C04F79EFBC}") = "Tyuiu.NasadukJA.Sprint5.Task0.V21", "Tyuiu.NasadukJA.Sprint5.Task0.V21\Tyuiu.NasadukJA.Sprint5.Task0.V21.csproj", "{EA58C4E8-FCC5-4A70-8C69-4D3455DDAD10}"
EndProject
Project("{2150E333-8FDC-42A3-9474-1A3956D46DE8}") = "Task1", "Task1", "{3B706CCA-4189-40CC-9004-ECF34C1FBD89}"
EndProject
Project("{2150E333-8FDC-42A3-9474-1A3956D46DE8}") = "Task2", "Task2", "{50F630C8-C88A-4195-A11D-5EC6C348CE57}"
EndProject
Project("{2150E333-8FDC-42A3-9474-1A3956D46DE8}") = "Task3", "Task3", "{43CC181F-C47E-475A-9BA5-2CD5F2D22836}"
EndProject
Project("{2150E333-8FDC-42A3-9474-1A3956D46DE8}") = "Task4", "Task4", "{32E0694C-80B6-4C27-A914-AD580B47A576}"
EndProject
Project("{2150E333-8FDC-42A3-9474-1A3956D46DE8}") = "Task5", "Task5", "{47B2766D-FFAA-4845-A68B-E27529237FE2}"
EndProject
Project("{2150E333-8FDC-42A3-9474-1A3956D46DE8}") = "Task6", "Task6", "{B10FE4A4-0D40-4F87-A56C-C50A9E00974C}"
EndProject
Project("{2150E333-8FDC-42A3-9474-1A3956D46DE8}") = "Task7", "Task7", "{0CA0A1B2-6700-4C06-89F3-C751C8FEDDF9}"
EndProject
Project("{FAE04EC0-301F-11D3-BF4B-00C04F79EFBC}") = "Tyuiu.NasadukJA.Sprint5.Task1.V26", "Tyuiu.NasadukJA.Sprint5.Task1.V26\Tyuiu.NasadukJA.Sprint5.Task1.V26.csproj", "{5478E562-173E-4EF5-9D27-738793E49E89}"
EndProject
Project("{FAE04EC0-301F-11D3-BF4B-00C04F79EFBC}") = "Tyuiu.NasadukJA.Sprint5.Task1.V26.Lib", "Tyuiu.NasadukJA.Sprint5.Task1.V26.Lib\Tyuiu.NasadukJA.Sprint5.Task1.V26.Lib.csproj", "{170E3073-F8DC-45A9-9CEE-8F61928C9033}"
EndProject
Project("{FAE04EC0-301F-11D3-BF4B-00C04F79EFBC}") = "Tyuiu.NasadukJA.Sprint5.Task1.V26.Test", "Tyuiu.NasadukJA.Sprint5.Task1.V26.Test\Tyuiu.NasadukJA.Sprint5.Task1.V26.Test.csproj", "{A4F8F0F3-3B1E-447C-A764-5BBF4C506299}"
EndProject
Project("{FAE04EC0-301F-11D3-BF4B-00C04F79EFBC}") = "Tyuiu.NasadukJA.Sprint5.Task2.V6.Test", "Tyuiu.NasadukJA.Sprint5.Task2.V6.Test\Tyuiu.NasadukJA.Sprint5.Task2.V6.Test.csproj", "{FB514E7E-AC26-4042-A583-CED91F6B51F4}"
EndProject
Project("{FAE04EC0-301F-11D3-BF4B-00C04F79EFBC}") = "Tyuiu.NasadukJA.Sprint5.Task2.V6.Lib", "Tyuiu.NasadukJA.Sprint5.Task2.V6.Lib\Tyuiu.NasadukJA.Sprint5.Task2.V6.Lib.csproj", "{358AF219-2F73-465C-8E2C-30C63EC1A55C}"
EndProject
Project("{FAE04EC0-301F-11D3-BF4B-00C04F79EFBC}") = "Tyuiu.NasadukJA.Sprint5.Task2.V6", "Tyuiu.NasadukJA.Sprint5.Task2.V6\Tyuiu.NasadukJA.Sprint5.Task2.V6.csproj", "{913A6A2D-9A9C-4E84-BF0D-6404B26AA8C3}"
EndProject
Project("{FAE04EC0-301F-11D3-BF4B-00C04F79EFBC}") = "Tyuiu.NasadukJA.Sprint5.Task3.V25", "Tyuiu.NasadukJA.Sprint5.Task3.V25\Tyuiu.NasadukJA.Sprint5.Task3.V25.csproj", "{ABA3CBA4-C890-4518-BBF1-C3CF93AEF441}"
EndProject
Project("{FAE04EC0-301F-11D3-BF4B-00C04F79EFBC}") = "Tyuiu.NasadukJA.Sprint5.Task3.V25.Lib", "Tyuiu.NasadukJA.Sprint5.Task3.V25.Lib\Tyuiu.NasadukJA.Sprint5.Task3.V25.Lib.csproj", "{00D38A91-FC2F-4920-A4F2-1F417AD84DE0}"
EndProject
Project("{FAE04EC0-301F-11D3-BF4B-00C04F79EFBC}") = "Tyuiu.NasadukJA.Sprint5.Task3.V25.Test", "Tyuiu.NasadukJA.Sprint5.Task3.V25.Test\Tyuiu.NasadukJA.Sprint5.Task3.V25.Test.csproj", "{F445B7BE-39C0-42CC-8DDC-1EB561CCDC71}"
EndProject
Project("{FAE04EC0-301F-11D3-BF4B-00C04F79EFBC}") = "Tyuiu.NasadukJA.Sprint5.Task4.V21.Test", "Tyuiu.NasadukJA.Sprint5.Task4.V21.Test\Tyuiu.NasadukJA.Sprint5.Task4.V21.Test.csproj", "{205E8D7C-CD71-4B9C-B7D8-45B3A58B781C}"
EndProject
Project("{FAE04EC0-301F-11D3-BF4B-00C04F79EFBC}") = "Tyuiu.NasadukJA.Sprint5.Task4.V21.Lib", "Tyuiu.NasadukJA.Sprint5.Task4.V21.Lib\Tyuiu.NasadukJA.Sprint5.Task4.V21.Lib.csproj", "{6D83EDC3-357C-40C3-B1BE-A4234C4ACA74}"
EndProject
Project("{FAE04EC0-301F-11D3-BF4B-00C04F79EFBC}") = "Tyuiu.NasadukJA.Sprint5.Task4.V21", "Tyuiu.NasadukJA.Sprint5.Task4.V21\Tyuiu.NasadukJA.Sprint5.Task4.V21.csproj", "{AC7206D1-4D16-4261-A41C-09D23D660762}"
EndProject
Project("{FAE04EC0-301F-11D3-BF4B-00C04F79EFBC}") = "Tyuiu.NasadukJA.Sprint5.Task5.V21", "Tyuiu.NasadukJA.Sprint5.Task5.V21\Tyuiu.NasadukJA.Sprint5.Task5.V21.csproj", "{C6DAA09A-245D-45A4-B760-7D90B12A817F}"
EndProject
Project("{FAE04EC0-301F-11D3-BF4B-00C04F79EFBC}") = "Tyuiu.NasadukJA.Sprint5.Task5.V21.Lib", "Tyuiu.NasadukJA.Sprint5.Task5.V21.Lib\Tyuiu.NasadukJA.Sprint5.Task5.V21.Lib.csproj", "{5457986D-3019-4063-B57E-A132828687FF}"
EndProject
Project("{FAE04EC0-301F-11D3-BF4B-00C04F79EFBC}") = "Tyuiu.NasadukJA.Sprint5.Task5.V21.Test", "Tyuiu.NasadukJA.Sprint5.Task5.V21.Test\Tyuiu.NasadukJA.Sprint5.Task5.V21.Test.csproj", "{F7ADC95E-75C6-4130-94C2-37C0CCB9F612}"
EndProject
Project("{FAE04EC0-301F-11D3-BF4B-00C04F79EFBC}") = "Tyuiu.NasadukJA.Sprint5.Task6.V10.Test", "Tyuiu.NasadukJA.Sprint5.Task6.V10.Test\Tyuiu.NasadukJA.Sprint5.Task6.V10.Test.csproj", "{11718970-8A2A-4A21-B80B-010EF7CC4B28}"
EndProject
Project("{FAE04EC0-301F-11D3-BF4B-00C04F79EFBC}") = "Tyuiu.NasadukJA.Sprint5.Task6.V10.Lib", "Tyuiu.NasadukJA.Sprint5.Task6.V10.Lib\Tyuiu.NasadukJA.Sprint5.Task6.V10.Lib.csproj", "{E4CC2AAC-85E3-4DE2-886E-16166E94B9E7}"
EndProject
Project("{FAE04EC0-301F-11D3-BF4B-00C04F79EFBC}") = "Tyuiu.NasadukJA.Sprint5.Task6.V10", "Tyuiu.NasadukJA.Sprint5.Task6.V10\Tyuiu.NasadukJA.Sprint5.Task6.V10.csproj", "{4D415D03-5291-4F16-A718-D9D71D5F9783}"
EndProject
Project("{FAE04EC0-301F-11D3-BF4B-00C04F79EFBC}") = "Tyuiu.NasadukJA.Sprint5.Task7.V4", "Tyuiu.NasadukJA.Sprint5.Task7.V4\Tyuiu.NasadukJA.Sprint5.Task7.V4.csproj", "{01325B63-FE52-4C1F-901D-303751410432}"
EndProject
Project("{FAE04EC0-301F-11D3-BF4B-00C04F79EFBC}") = "Tyuiu.NasadukJA.Sprint5.Task7.V4.Lib", "Tyuiu.NasadukJA.Sprint5.Task7.V4.Lib\Tyuiu.NasadukJA.Sprint5.Task7.V4.Lib.csproj", "{801434A0-AEFE-4CA6-A565-C2B862C6A2AA}"
EndProject
Project("{FAE04EC0-301F-11D3-BF4B-00C04F79EFBC}") = "Tyuiu.NasadukJA.Sprint5.Task7.V4.Test", "Tyuiu.NasadukJA.Sprint5.Task7.V4.Test\Tyuiu.NasadukJA.Sprint5.Task7.V4.Test.csproj", "{E8F13EED-C2CA-4434-AE43-4BBFDF8A9727}"
EndProject
Global
	GlobalSection(SolutionConfigurationPlatforms) = preSolution
		Debug|Any CPU = Debug|Any CPU
		Release|Any CPU = Release|Any CPU
	EndGlobalSection
	GlobalSection(ProjectConfigurationPlatforms) = postSolution
		{00773930-18B5-4778-9637-0E01E4D194FA}.Debug|Any CPU.ActiveCfg = Debug|Any CPU
		{00773930-18B5-4778-9637-0E01E4D194FA}.Debug|Any CPU.Build.0 = Debug|Any CPU
		{00773930-18B5-4778-9637-0E01E4D194FA}.Release|Any CPU.ActiveCfg = Release|Any CPU
		{00773930-18B5-4778-9637-0E01E4D194FA}.Release|Any CPU.Build.0 = Release|Any CPU
		{7186DEAE-405D-4690-85D5-3E48C5CFBAD3}.Debug|Any CPU.ActiveCfg = Debug|Any CPU
		{7186DEAE-405D-4690-85D5-3E48C5CFBAD3}.Debug|Any CPU.Build.0 = Debug|Any CPU
		{7186DEAE-405D-4690-85D5-3E48C5CFBAD3}.Release|Any CPU.ActiveCfg = Release|Any CPU
		{7186DEAE-405D-4690-85D5-3E48C5CFBAD3}.Release|Any CPU.Build.0 = Release|Any CPU
		{EA58C4E8-FCC5-4A70-8C69-4D3455DDAD10}.Debug|Any CPU.ActiveCfg = Debug|Any CPU
		{EA58C4E8-FCC5-4A70-8C69-4D3455DDAD10}.Debug|Any CPU.Build.0 = Debug|Any CPU
		{EA58C4E8-FCC5-4A70-8C69-4D3455DDAD10}.Release|Any CPU.ActiveCfg = Release|Any CPU
		{EA58C4E8-FCC5-4A70-8C69-4D3455DDAD10}.Release|Any CPU.Build.0 = Release|Any CPU
		{5478E562-173E-4EF5-9D27-738793E49E89}.Debug|Any CPU.ActiveCfg = Debug|Any CPU
		{5478E562-173E-4EF5-9D27-738793E49E89}.Debug|Any CPU.Build.0 = Debug|Any CPU
		{5478E562-173E-4EF5-9D27-738793E49E89}.Release|Any CPU.ActiveCfg = Release|Any CPU
		{5478E562-173E-4EF5-9D27-738793E49E89}.Release|Any CPU.Build.0 = Release|Any CPU
		{170E3073-F8DC-45A9-9CEE-8F61928C9033}.Debug|Any CPU.ActiveCfg = Debug|Any CPU
		{170E3073-F8DC-45A9-9CEE-8F61928C9033}.Debug|Any CPU.Build.0 = Debug|Any CPU
		{170E3073-F8DC-45A9-9CEE-8F61928C9033}.Release|Any CPU.ActiveCfg = Release|Any CPU
		{170E3073-F8DC-45A9-9CEE-8F61928C9033}.Release|Any CPU.Build.0 = Release|Any CPU
		{A4F8F0F3-3B1E-447C-A764-5BBF4C506299}.Debug|Any CPU.ActiveCfg = Debug|Any CPU
		{A4F8F0F3-3B1E-447C-A764-5BBF4C506299}.Debug|Any CPU.Build.0 = Debug|Any CPU
		{A4F8F0F3-3B1E-447C-A764-5BBF4C506299}.Release|Any CPU.ActiveCfg = Release|Any CPU
		{A4F8F0F3-3B1E-447C-A764-5BBF4C506299}.Release|Any CPU.Build.0 = Release|Any CPU
		{FB514E7E-AC26-4042-A583-CED91F6B51F4}.Debug|Any CPU.ActiveCfg = Debug|Any CPU
		{FB514E7E-AC26-4042-A583-CED91F6B51F4}.Debug|Any CPU.Build.0 = Debug|Any CPU
		{FB514E7E-AC26-4042-A583-CED91F6B51F4}.Release|Any CPU.ActiveCfg = Release|Any CPU
		{FB514E7E-AC26-4042-A583-CED91F6B51F4}.Release|Any CPU.Build.0 = Release|Any CPU
		{358AF219-2F73-465C-8E2C-30C63EC1A55C}.Debug|Any CPU.ActiveCfg = Debug|Any CPU
		{358AF219-2F73-465C-8E2C-30C63EC1A55C}.Debug|Any CPU.Build.0 = Debug|Any CPU
		{358AF219-2F73-465C-8E2C-30C63EC1A55C}.Release|Any CPU.ActiveCfg = Release|Any CPU
		{358AF219-2F73-465C-8E2C-30C63EC1A55C}.Release|Any CPU.Build.0 = Release|Any CPU
		{913A6A2D-9A9C-4E84-BF0D-6404B26AA8C3}.Debug|Any CPU.ActiveCfg = Debug|Any CPU
		{913A6A2D-9A9C-4E84-BF0D-6404B26AA8C3}.Debug|Any CPU.Build.0 = Debug|Any CPU
		{913A6A2D-9A9C-4E84-BF0D-6404B26AA8C3}.Release|Any CPU.ActiveCfg = Release|Any CPU
		{913A6A2D-9A9C-4E84-BF0D-6404B26AA8C3}.Release|Any CPU.Build.0 = Release|Any CPU
		{ABA3CBA4-C890-4518-BBF1-C3CF93AEF441}.Debug|Any CPU.ActiveCfg = Debug|Any CPU
		{ABA3CBA4-C890-4518-BBF1-C3CF93AEF441}.Debug|Any CPU.Build.0 = Debug|Any CPU
		{ABA3CBA4-C890-4518-BBF1-C3CF93AEF441}.Release|Any CPU.ActiveCfg = Release|Any CPU
		{ABA3CBA4-C890-4518-BBF1-C3CF93AEF441}.Release|Any CPU.Build.0 = Release|Any CPU
		{00D38A91-FC2F-4920-A4F2-1F417AD84DE0}.Debug|Any CPU.ActiveCfg = Debug|Any CPU
		{00D38A91-FC2F-4920-A4F2-1F417AD84DE0}.Debug|Any CPU.Build.0 = Debug|Any CPU
		{00D38A91-FC2F-4920-A4F2-1F417AD84DE0}.Release|Any CPU.ActiveCfg = Release|Any CPU
		{00D38A91-FC2F-4920-A4F2-1F417AD84DE0}.Release|Any CPU.Build.0 = Release|Any CPU
		{F445B7BE-39C0-42CC-8DDC-1EB561CCDC71}.Debug|Any CPU.ActiveCfg = Debug|Any CPU
		{F445B7BE-39C0-42CC-8DDC-1EB561CCDC71}.Debug|Any CPU.Build.0 = Debug|Any CPU
		{F445B7BE-39C0-42CC-8DDC-1EB561CCDC71}.Release|Any CPU.ActiveCfg = Release|Any CPU
		{F445B7BE-39C0-42CC-8DDC-1EB561CCDC71}.Release|Any CPU.Build.0 = Release|Any CPU
		{205E8D7C-CD71-4B9C-B7D8-45B3A58B781C}.Debug|Any CPU.ActiveCfg = Debug|Any CPU
		{205E8D7C-CD71-4B9C-B7D8-45B3A58B781C}.Debug|Any CPU.Build.0 = Debug|Any CPU
		{205E8D7C-CD71-4B9C-B7D8-45B3A58B781C}.Release|Any CPU.ActiveCfg = Release|Any CPU
		{205E8D7C-CD71-4B9C-B7D8-45B3A58B781C}.Release|Any CPU.Build.0 = Release|Any CPU
		{6D83EDC3-357C-40C3-B1BE-A4234C4ACA74}.Debug|Any CPU.ActiveCfg = Debug|Any CPU
		{6D83EDC3-357C-40C3-B1BE-A4234C4ACA74}.Debug|Any CPU.Build.0 = Debug|Any CPU
		{6D83EDC3-357C-40C3-B1BE-A4234C4ACA74}.Release|Any CPU.ActiveCfg = Release|Any CPU
		{6D83EDC3-357C-40C3-B1BE-A4234C4ACA74}.Release|Any CPU.Build.0 = Release|Any CPU
		{AC7206D1-4D16-4261-A41C-09D23D660762}.Debug|Any CPU.ActiveCfg = Debug|Any CPU
		{AC7206D1-4D16-4261-A41C-09D23D660762}.Debug|Any CPU.Build.0 = Debug|Any CPU
		{AC7206D1-4D16-4261-A41C-09D23D660762}.Release|Any CPU.ActiveCfg = Release|Any CPU
		{AC7206D1-4D16-4261-A41C-09D23D660762}.Release|Any CPU.Build.0 = Release|Any CPU
		{C6DAA09A-245D-45A4-B760-7D90B12A817F}.Debug|Any CPU.ActiveCfg = Debug|Any CPU
		{C6DAA09A-245D-45A4-B760-7D90B12A817F}.Debug|Any CPU.Build.0 = Debug|Any CPU
		{C6DAA09A-245D-45A4-B760-7D90B12A817F}.Release|Any CPU.ActiveCfg = Release|Any CPU
		{C6DAA09A-245D-45A4-B760-7D90B12A817F}.Release|Any CPU.Build.0 = Release|Any CPU
		{5457986D-3019-4063-B57E-A132828687FF}.Debug|Any CPU.ActiveCfg = Debug|Any CPU
		{5457986D-3019-4063-B57E-A132828687FF}.Debug|Any CPU.Build.0 = Debug|Any CPU
		{5457986D-3019-4063-B57E-A132828687FF}.Release|Any CPU.ActiveCfg = Release|Any CPU
		{5457986D-3019-4063-B57E-A132828687FF}.Release|Any CPU.Build.0 = Release|Any CPU
		{F7ADC95E-75C6-4130-94C2-37C0CCB9F612}.Debug|Any CPU.ActiveCfg = Debug|Any CPU
		{F7ADC95E-75C6-4130-94C2-37C0CCB9F612}.Debug|Any CPU.Build.0 = Debug|Any CPU
		{F7ADC95E-75C6-4130-94C2-37C0CCB9F612}.Release|Any CPU.ActiveCfg = Release|Any CPU
		{F7ADC95E-75C6-4130-94C2-37C0CCB9F612}.Release|Any CPU.Build.0 = Release|Any CPU
		{11718970-8A2A-4A21-B80B-010EF7CC4B28}.Debug|Any CPU.ActiveCfg = Debug|Any CPU
		{11718970-8A2A-4A21-B80B-010EF7CC4B28}.Debug|Any CPU.Build.0 = Debug|Any CPU
		{11718970-8A2A-4A21-B80B-010EF7CC4B28}.Release|Any CPU.ActiveCfg = Release|Any CPU
		{11718970-8A2A-4A21-B80B-010EF7CC4B28}.Release|Any CPU.Build.0 = Release|Any CPU
		{E4CC2AAC-85E3-4DE2-886E-16166E94B9E7}.Debug|Any CPU.ActiveCfg = Debug|Any CPU
		{E4CC2AAC-85E3-4DE2-886E-16166E94B9E7}.Debug|Any CPU.Build.0 = Debug|Any CPU
		{E4CC2AAC-85E3-4DE2-886E-16166E94B9E7}.Release|Any CPU.ActiveCfg = Release|Any CPU
		{E4CC2AAC-85E3-4DE2-886E-16166E94B9E7}.Release|Any CPU.Build.0 = Release|Any CPU
		{4D415D03-5291-4F16-A718-D9D71D5F9783}.Debug|Any CPU.ActiveCfg = Debug|Any CPU
		{4D415D03-5291-4F16-A718-D9D71D5F9783}.Debug|Any CPU.Build.0 = Debug|Any CPU
		{4D415D03-5291-4F16-A718-D9D71D5F9783}.Release|Any CPU.ActiveCfg = Release|Any CPU
		{4D415D03-5291-4F16-A718-D9D71D5F9783}.Release|Any CPU.Build.0 = Release|Any CPU
		{01325B63-FE52-4C1F-901D-303751410432}.Debug|Any CPU.ActiveCfg = Debug|Any CPU
		{01325B63-FE52-4C1F-901D-303751410432}.Debug|Any CPU.Build.0 = Debug|Any CPU
		{01325B63-FE52-4C1F-901D-303751410432}.Release|Any CPU.ActiveCfg = Release|Any CPU
		{01325B63-FE52-4C1F-901D-303751410432}.Release|Any CPU.Build.0 = Release|Any CPU
		{801434A0-AEFE-4CA6-A565-C2B862C6A2AA}.Debug|Any CPU.ActiveCfg = Debug|Any CPU
		{801434A0-AEFE-4CA6-A565-C2B862C6A2AA}.Debug|Any CPU.Build.0 = Debug|Any CPU
		{801434A0-AEFE-4CA6-A565-C2B862C6A2AA}.Release|Any CPU.ActiveCfg = Release|Any CPU
		{801434A0-AEFE-4CA6-A565-C2B862C6A2AA}.Release|Any CPU.Build.0 = Release|Any CPU
		{E8F13EED-C2CA-4434-AE43-4BBFDF8A9727}.Debug|Any CPU.ActiveCfg = Debug|Any CPU
		{E8F13EED-C2CA-4434-AE43-4BBFDF8A9727}.Debug|Any CPU.Build.0 = Debug|Any CPU
		{E8F13EED-C2CA-4434-AE43-4BBFDF8A9727}.Release|Any CPU.ActiveCfg = Release|Any CPU
		{E8F13EED-C2CA-4434-AE43-4BBFDF8A9727}.Release|Any CPU.Build.0 = Release|Any CPU
	EndGlobalSection
	GlobalSection(SolutionProperties) = preSolution
		HideSolutionNode = FALSE
	EndGlobalSection
	GlobalSection(NestedProjects) = preSolution
		{00773930-18B5-4778-9637-0E01E4D194FA} = {02EA681E-C7D8-13C7-8484-4AC65E1B71E8}
		{7186DEAE-405D-4690-85D5-3E48C5CFBAD3} = {02EA681E-C7D8-13C7-8484-4AC65E1B71E8}
		{EA58C4E8-FCC5-4A70-8C69-4D3455DDAD10} = {02EA681E-C7D8-13C7-8484-4AC65E1B71E8}
		{5478E562-173E-4EF5-9D27-738793E49E89} = {3B706CCA-4189-40CC-9004-ECF34C1FBD89}
		{170E3073-F8DC-45A9-9CEE-8F61928C9033} = {3B706CCA-4189-40CC-9004-ECF34C1FBD89}
		{A4F8F0F3-3B1E-447C-A764-5BBF4C506299} = {3B706CCA-4189-40CC-9004-ECF34C1FBD89}
		{FB514E7E-AC26-4042-A583-CED91F6B51F4} = {50F630C8-C88A-4195-A11D-5EC6C348CE57}
		{358AF219-2F73-465C-8E2C-30C63EC1A55C} = {50F630C8-C88A-4195-A11D-5EC6C348CE57}
		{913A6A2D-9A9C-4E84-BF0D-6404B26AA8C3} = {50F630C8-C88A-4195-A11D-5EC6C348CE57}
		{ABA3CBA4-C890-4518-BBF1-C3CF93AEF441} = {43CC181F-C47E-475A-9BA5-2CD5F2D22836}
		{00D38A91-FC2F-4920-A4F2-1F417AD84DE0} = {43CC181F-C47E-475A-9BA5-2CD5F2D22836}
		{F445B7BE-39C0-42CC-8DDC-1EB561CCDC71} = {43CC181F-C47E-475A-9BA5-2CD5F2D22836}
		{205E8D7C-CD71-4B9C-B7D8-45B3A58B781C} = {32E0694C-80B6-4C27-A914-AD580B47A576}
		{6D83EDC3-357C-40C3-B1BE-A4234C4ACA74} = {32E0694C-80B6-4C27-A914-AD580B47A576}
		{AC7206D1-4D16-4261-A41C-09D23D660762} = {32E0694C-80B6-4C27-A914-AD580B47A576}
		{C6DAA09A-245D-45A4-B760-7D90B12A817F} = {47B2766D-FFAA-4845-A68B-E27529237FE2}
		{5457986D-3019-4063-B57E-A132828687FF} = {47B2766D-FFAA-4845-A68B-E27529237FE2}
		{F7ADC95E-75C6-4130-94C2-37C0CCB9F612} = {47B2766D-FFAA-4845-A68B-E27529237FE2}
		{11718970-8A2A-4A21-B80B-010EF7CC4B28} = {B10FE4A4-0D40-4F87-A56C-C50A9E00974C}
		{E4CC2AAC-85E3-4DE2-886E-16166E94B9E7} = {B10FE4A4-0D40-4F87-A56C-C50A9E00974C}
		{4D415D03-5291-4F16-A718-D9D71D5F9783} = {B10FE4A4-0D40-4F87-A56C-C50A9E00974C}
		{01325B63-FE52-4C1F-901D-303751410432} = {0CA0A1B2-6700-4C06-89F3-C751C8FEDDF9}
		{801434A0-AEFE-4CA6-A565-C2B862C6A2AA} = {0CA0A1B2-6700-4C06-89F3-C751C8FEDDF9}
		{E8F13EED-C2CA-4434-AE43-4BBFDF8A9727} = {0CA0A1B2-6700-4C06-89F3-C751C8FEDDF9}
	EndGlobalSection
	GlobalSection(ExtensibilityGlobals) = postSolution
		SolutionGuid = {9F7FA21B-4F83-47F0-891C-5C573E67BB95}
	EndGlobalSection
EndGlobal
