
Microsoft Visual Studio Solution File, Format Version 12.00
# Visual Studio Version 17
VisualStudioVersion = 17.14.36414.22 d17.14
MinimumVisualStudioVersion = 10.0.40219.1
Project("{2150E333-8FDC-42A3-9474-1A3956D46DE8}") = "Task0", "Task0", "{02EA681E-C7D8-13C7-8484-4AC65E1B71E8}"
EndProject
Project("{FAE04EC0-301F-11D3-BF4B-00C04F79EFBC}") = "Tyuiu.NasadukJA.Sprint5.Task0.V21.Lib", "Tyuiu.NasadukJA.Sprint5.Task0.V21.Lib\Tyuiu.NasadukJA.Sprint5.Task0.V21.Lib.csproj", "{00773930-18B5-4778-9637-0E01E4D194FA}"
EndProject
Project("{FAE04EC0-301F-11D3-BF4B-00C04F79EFBC}") = "Tyuiu.NasadukJA.Sprint5.Task0.V21.Test", "Tyuiu.NasadukJA.Sprint5.Task0.V21.Test\Tyuiu.NasadukJA.Sprint5.Task0.V21.Test.csproj", "{7186DEAE-405D-4690-85D5-3E48C5CFBAD3}"
EndProject
Project("{FAE04EC0-301F-11D3-BF4B-00C04F79EFBC}") = "Tyuiu.NasadukJA.Sprint5.Task0.V21", "Tyuiu.NasadukJA.Sprint5.Task0.V21\Tyuiu.NasadukJA.Sprint5.Task0.V21.csproj", "{EA58C4E8-FCC5-4A70-8C69-4D3455DDAD10}"
EndProject
Global
	GlobalSection(SolutionConfigurationPlatforms) = preSolution
		Debug|Any CPU = Debug|Any CPU
		Release|Any CPU = Release|Any CPU
	EndGlobalSection
	GlobalSection(ProjectConfigurationPlatforms) = postSolution
		{00773930-18B5-4778-9637-0E01E4D194FA}.Debug|Any CPU.ActiveCfg = Debug|Any CPU
		{00773930-18B5-4778-9637-0E01E4D194FA}.Debug|Any CPU.Build.0 = Debug|Any CPU
		{00773930-18B5-4778-9637-0E01E4D194FA}.Release|Any CPU.ActiveCfg = Release|Any CPU
		{00773930-18B5-4778-9637-0E01E4D194FA}.Release|Any CPU.Build.0 = Release|Any CPU
		{7186DEAE-405D-4690-85D5-3E48C5CFBAD3}.Debug|Any CPU.ActiveCfg = Debug|Any CPU
		{7186DEAE-405D-4690-85D5-3E48C5CFBAD3}.Debug|Any CPU.Build.0 = Debug|Any CPU
		{7186DEAE-405D-4690-85D5-3E48C5CFBAD3}.Release|Any CPU.ActiveCfg = Release|Any CPU
		{7186DEAE-405D-4690-85D5-3E48C5CFBAD3}.Release|Any CPU.Build.0 = Release|Any CPU
		{EA58C4E8-FCC5-4A70-8C69-4D3455DDAD10}.Debug|Any CPU.ActiveCfg = Debug|Any CPU
		{EA58C4E8-FCC5-4A70-8C69-4D3455DDAD10}.Debug|Any CPU.Build.0 = Debug|Any CPU
		{EA58C4E8-FCC5-4A70-8C69-4D3455DDAD10}.Release|Any CPU.ActiveCfg = Release|Any CPU
		{EA58C4E8-FCC5-4A70-8C69-4D3455DDAD10}.Release|Any CPU.Build.0 = Release|Any CPU
	EndGlobalSection
	GlobalSection(SolutionProperties) = preSolution
		HideSolutionNode = FALSE
	EndGlobalSection
	GlobalSection(NestedProjects) = preSolution
		{00773930-18B5-4778-9637-0E01E4D194FA} = {02EA681E-C7D8-13C7-8484-4AC65E1B71E8}
		{7186DEAE-405D-4690-85D5-3E48C5CFBAD3} = {02EA681E-C7D8-13C7-8484-4AC65E1B71E8}
		{EA58C4E8-FCC5-4A70-8C69-4D3455DDAD10} = {02EA681E-C7D8-13C7-8484-4AC65E1B71E8}
	EndGlobalSection
	GlobalSection(ExtensibilityGlobals) = postSolution
		SolutionGuid = {9F7FA21B-4F83-47F0-891C-5C573E67BB95}
	EndGlobalSection
EndGlobal
